
Microsoft Visual Studio Solution File, Format Version 12.00
# Visual Studio Version 16
VisualStudioVersion = 16.0.31205.134
MinimumVisualStudioVersion = 10.0.40219.1
Project("{FAE04EC0-301F-11D3-BF4B-00C04F79EFBC}") = "Craftplacer.ClassicSuite.Wizards", "Craftplacer.ClassicSuite.Wizards\Craftplacer.ClassicSuite.Wizards.csproj", "{BC27A903-7E1A-485D-88D6-FB0AF399C18E}"
EndProject
Project("{FAE04EC0-301F-11D3-BF4B-00C04F79EFBC}") = "Craftplacer.ClassicSuite.Wizards.Example", "Craftplacer.ClassicSuite.Wizards.Example\Craftplacer.ClassicSuite.Wizards.Example.csproj", "{7672D1E8-4B14-4582-9513-3693956A80DE}"
EndProject
Global
	GlobalSection(SolutionConfigurationPlatforms) = preSolution
		Debug|Any CPU = Debug|Any CPU
		Debug|x86 = Debug|x86
		Release|Any CPU = Release|Any CPU
		Release|x86 = Release|x86
	EndGlobalSection
	GlobalSection(ProjectConfigurationPlatforms) = postSolution
		{BC27A903-7E1A-485D-88D6-FB0AF399C18E}.Debug|Any CPU.ActiveCfg = Debug|Any CPU
		{BC27A903-7E1A-485D-88D6-FB0AF399C18E}.Debug|Any CPU.Build.0 = Debug|Any CPU
		{BC27A903-7E1A-485D-88D6-FB0AF399C18E}.Debug|x86.ActiveCfg = Debug|Any CPU
		{BC27A903-7E1A-485D-88D6-FB0AF399C18E}.Debug|x86.Build.0 = Debug|Any CPU
		{BC27A903-7E1A-485D-88D6-FB0AF399C18E}.Release|Any CPU.ActiveCfg = Release|Any CPU
		{BC27A903-7E1A-485D-88D6-FB0AF399C18E}.Release|Any CPU.Build.0 = Release|Any CPU
		{BC27A903-7E1A-485D-88D6-FB0AF399C18E}.Release|x86.ActiveCfg = Release|Any CPU
		{BC27A903-7E1A-485D-88D6-FB0AF399C18E}.Release|x86.Build.0 = Release|Any CPU
		{7672D1E8-4B14-4582-9513-3693956A80DE}.Debug|Any CPU.ActiveCfg = Debug|Any CPU
		{7672D1E8-4B14-4582-9513-3693956A80DE}.Debug|Any CPU.Build.0 = Debug|Any CPU
		{7672D1E8-4B14-4582-9513-3693956A80DE}.Debug|x86.ActiveCfg = Debug|Any CPU
		{7672D1E8-4B14-4582-9513-3693956A80DE}.Debug|x86.Build.0 = Debug|Any CPU
		{7672D1E8-4B14-4582-9513-3693956A80DE}.Release|Any CPU.ActiveCfg = Release|Any CPU
		{7672D1E8-4B14-4582-9513-3693956A80DE}.Release|Any CPU.Build.0 = Release|Any CPU
		{7672D1E8-4B14-4582-9513-3693956A80DE}.Release|x86.ActiveCfg = Release|Any CPU
		{7672D1E8-4B14-4582-9513-3693956A80DE}.Release|x86.Build.0 = Release|Any CPU
	EndGlobalSection
	GlobalSection(SolutionProperties) = preSolution
		HideSolutionNode = FALSE
	EndGlobalSection
	GlobalSection(ExtensibilityGlobals) = postSolution
		SolutionGuid = {9013FE29-DA31-4234-91B7-5C7E95770A49}
	EndGlobalSection
EndGlobal
